// !$*UTF8*$!
{
	archiveVersion = 1;
	classes = {
	};
	objectVersion = 55;
	objects = {

/* Begin PBXBuildFile section */
		4F72806DB64B6FADA09FCAC5 /* Pods_Firebase_Tutorial.framework in Frameworks */ = {isa = PBXBuildFile; fileRef = BD36C1C889F20E3D14E946F4 /* Pods_Firebase_Tutorial.framework */; };
		9B648D6C28CB27E80086EB96 /* AppDelegate.swift in Sources */ = {isa = PBXBuildFile; fileRef = 9B648D6B28CB27E80086EB96 /* AppDelegate.swift */; };
		9B648D6E28CB27E80086EB96 /* SceneDelegate.swift in Sources */ = {isa = PBXBuildFile; fileRef = 9B648D6D28CB27E80086EB96 /* SceneDelegate.swift */; };
		9B648D7328CB27E80086EB96 /* Main.storyboard in Resources */ = {isa = PBXBuildFile; fileRef = 9B648D7128CB27E80086EB96 /* Main.storyboard */; };
		9B648D7528CB27EE0086EB96 /* Assets.xcassets in Resources */ = {isa = PBXBuildFile; fileRef = 9B648D7428CB27EE0086EB96 /* Assets.xcassets */; };
		9B648D7828CB27EE0086EB96 /* LaunchScreen.storyboard in Resources */ = {isa = PBXBuildFile; fileRef = 9B648D7628CB27EE0086EB96 /* LaunchScreen.storyboard */; };
		9B648D8028CB282B0086EB96 /* LoginViewController.swift in Sources */ = {isa = PBXBuildFile; fileRef = 9B648D7F28CB282B0086EB96 /* LoginViewController.swift */; };
		9B648D8228CB284B0086EB96 /* EnterEmailVC.swift in Sources */ = {isa = PBXBuildFile; fileRef = 9B648D8128CB284B0086EB96 /* EnterEmailVC.swift */; };
		9B648D8428CB28860086EB96 /* MainVC.swift in Sources */ = {isa = PBXBuildFile; fileRef = 9B648D8328CB28860086EB96 /* MainVC.swift */; };
		9B648D8628CB29820086EB96 /* GoogleService-Info.plist in Resources */ = {isa = PBXBuildFile; fileRef = 9B648D8528CB29820086EB96 /* GoogleService-Info.plist */; };
/* End PBXBuildFile section */

/* Begin PBXFileReference section */
		9B648D6828CB27E80086EB96 /* Firebase_Tutorial.app */ = {isa = PBXFileReference; explicitFileType = wrapper.application; includeInIndex = 0; path = Firebase_Tutorial.app; sourceTree = BUILT_PRODUCTS_DIR; };
		9B648D6B28CB27E80086EB96 /* AppDelegate.swift */ = {isa = PBXFileReference; lastKnownFileType = sourcecode.swift; path = AppDelegate.swift; sourceTree = "<group>"; };
		9B648D6D28CB27E80086EB96 /* SceneDelegate.swift */ = {isa = PBXFileReference; lastKnownFileType = sourcecode.swift; path = SceneDelegate.swift; sourceTree = "<group>"; };
		9B648D7228CB27E80086EB96 /* Base */ = {isa = PBXFileReference; lastKnownFileType = file.storyboard; name = Base; path = Base.lproj/Main.storyboard; sourceTree = "<group>"; };
		9B648D7428CB27EE0086EB96 /* Assets.xcassets */ = {isa = PBXFileReference; lastKnownFileType = folder.assetcatalog; path = Assets.xcassets; sourceTree = "<group>"; };
		9B648D7728CB27EE0086EB96 /* Base */ = {isa = PBXFileReference; lastKnownFileType = file.storyboard; name = Base; path = Base.lproj/LaunchScreen.storyboard; sourceTree = "<group>"; };
		9B648D7928CB27EE0086EB96 /* Info.plist */ = {isa = PBXFileReference; lastKnownFileType = text.plist.xml; path = Info.plist; sourceTree = "<group>"; };
		9B648D7F28CB282B0086EB96 /* LoginViewController.swift */ = {isa = PBXFileReference; lastKnownFileType = sourcecode.swift; path = LoginViewController.swift; sourceTree = "<group>"; };
		9B648D8128CB284B0086EB96 /* EnterEmailVC.swift */ = {isa = PBXFileReference; lastKnownFileType = sourcecode.swift; path = EnterEmailVC.swift; sourceTree = "<group>"; };
		9B648D8328CB28860086EB96 /* MainVC.swift */ = {isa = PBXFileReference; lastKnownFileType = sourcecode.swift; path = MainVC.swift; sourceTree = "<group>"; };
		9B648D8528CB29820086EB96 /* GoogleService-Info.plist */ = {isa = PBXFileReference; fileEncoding = 4; lastKnownFileType = text.plist.xml; path = "GoogleService-Info.plist"; sourceTree = "<group>"; };
		A7591F1A6C5F00484A08EA06 /* Pods-Firebase_Tutorial.debug.xcconfig */ = {isa = PBXFileReference; includeInIndex = 1; lastKnownFileType = text.xcconfig; name = "Pods-Firebase_Tutorial.debug.xcconfig"; path = "Target Support Files/Pods-Firebase_Tutorial/Pods-Firebase_Tutorial.debug.xcconfig"; sourceTree = "<group>"; };
		BD36C1C889F20E3D14E946F4 /* Pods_Firebase_Tutorial.framework */ = {isa = PBXFileReference; explicitFileType = wrapper.framework; includeInIndex = 0; path = Pods_Firebase_Tutorial.framework; sourceTree = BUILT_PRODUCTS_DIR; };
		DF4BC68182C601579AE9B3F4 /* Pods-Firebase_Tutorial.release.xcconfig */ = {isa = PBXFileReference; includeInIndex = 1; lastKnownFileType = text.xcconfig; name = "Pods-Firebase_Tutorial.release.xcconfig"; path = "Target Support Files/Pods-Firebase_Tutorial/Pods-Firebase_Tutorial.release.xcconfig"; sourceTree = "<group>"; };
/* End PBXFileReference section */

/* Begin PBXFrameworksBuildPhase section */
		9B648D6528CB27E80086EB96 /* Frameworks */ = {
			isa = PBXFrameworksBuildPhase;
			buildActionMask = 2147483647;
			files = (
				4F72806DB64B6FADA09FCAC5 /* Pods_Firebase_Tutorial.framework in Frameworks */,
			);
			runOnlyForDeploymentPostprocessing = 0;
		};
/* End PBXFrameworksBuildPhase section */

/* Begin PBXGroup section */
		17A15F4C1C8B2F0099B77D1C /* Frameworks */ = {
			isa = PBXGroup;
			children = (
				BD36C1C889F20E3D14E946F4 /* Pods_Firebase_Tutorial.framework */,
			);
			name = Frameworks;
			sourceTree = "<group>";
		};
		9B648D5F28CB27E80086EB96 = {
			isa = PBXGroup;
			children = (
				9B648D6A28CB27E80086EB96 /* Firebase_Tutorial */,
				9B648D6928CB27E80086EB96 /* Products */,
				A2402910A538DEF8A41247B4 /* Pods */,
				17A15F4C1C8B2F0099B77D1C /* Frameworks */,
			);
			sourceTree = "<group>";
		};
		9B648D6928CB27E80086EB96 /* Products */ = {
			isa = PBXGroup;
			children = (
				9B648D6828CB27E80086EB96 /* Firebase_Tutorial.app */,
			);
			name = Products;
			sourceTree = "<group>";
		};
		9B648D6A28CB27E80086EB96 /* Firebase_Tutorial */ = {
			isa = PBXGroup;
			children = (
				9B648D6B28CB27E80086EB96 /* AppDelegate.swift */,
				9B648D6D28CB27E80086EB96 /* SceneDelegate.swift */,
				9B648D7128CB27E80086EB96 /* Main.storyboard */,
				9B648D8328CB28860086EB96 /* MainVC.swift */,
				9B648D8128CB284B0086EB96 /* EnterEmailVC.swift */,
				9B648D7F28CB282B0086EB96 /* LoginViewController.swift */,
				9B648D7428CB27EE0086EB96 /* Assets.xcassets */,
				9B648D7628CB27EE0086EB96 /* LaunchScreen.storyboard */,
				9B648D7928CB27EE0086EB96 /* Info.plist */,
				9B648D8528CB29820086EB96 /* GoogleService-Info.plist */,
			);
			path = Firebase_Tutorial;
			sourceTree = "<group>";
		};
		A2402910A538DEF8A41247B4 /* Pods */ = {
			isa = PBXGroup;
			children = (
				A7591F1A6C5F00484A08EA06 /* Pods-Firebase_Tutorial.debug.xcconfig */,
				DF4BC68182C601579AE9B3F4 /* Pods-Firebase_Tutorial.release.xcconfig */,
			);
			path = Pods;
			sourceTree = "<group>";
		};
/* End PBXGroup section */

/* Begin PBXNativeTarget section */
		9B648D6728CB27E80086EB96 /* Firebase_Tutorial */ = {
			isa = PBXNativeTarget;
			buildConfigurationList = 9B648D7C28CB27EE0086EB96 /* Build configuration list for PBXNativeTarget "Firebase_Tutorial" */;
			buildPhases = (
				F6709490457C00BDD53C4579 /* [CP] Check Pods Manifest.lock */,
				9B648D6428CB27E80086EB96 /* Sources */,
				9B648D6528CB27E80086EB96 /* Frameworks */,
				9B648D6628CB27E80086EB96 /* Resources */,
				EB9931DAD981FC23954C296C /* [CP] Embed Pods Frameworks */,
			);
			buildRules = (
			);
			dependencies = (
			);
			name = Firebase_Tutorial;
			productName = Firebase_Tutorial;
			productReference = 9B648D6828CB27E80086EB96 /* Firebase_Tutorial.app */;
			productType = "com.apple.product-type.application";
		};
/* End PBXNativeTarget section */

/* Begin PBXProject section */
		9B648D6028CB27E80086EB96 /* Project object */ = {
			isa = PBXProject;
			attributes = {
				BuildIndependentTargetsInParallel = 1;
				LastSwiftUpdateCheck = 1340;
				LastUpgradeCheck = 1340;
				TargetAttributes = {
					9B648D6728CB27E80086EB96 = {
						CreatedOnToolsVersion = 13.4.1;
					};
				};
			};
			buildConfigurationList = 9B648D6328CB27E80086EB96 /* Build configuration list for PBXProject "Firebase_Tutorial" */;
			compatibilityVersion = "Xcode 13.0";
			developmentRegion = en;
			hasScannedForEncodings = 0;
			knownRegions = (
				en,
				Base,
			);
			mainGroup = 9B648D5F28CB27E80086EB96;
			productRefGroup = 9B648D6928CB27E80086EB96 /* Products */;
			projectDirPath = "";
			projectRoot = "";
			targets = (
				9B648D6728CB27E80086EB96 /* Firebase_Tutorial */,
			);
		};
/* End PBXProject section */

/* Begin PBXResourcesBuildPhase section */
		9B648D6628CB27E80086EB96 /* Resources */ = {
			isa = PBXResourcesBuildPhase;
			buildActionMask = 2147483647;
			files = (
				9B648D7828CB27EE0086EB96 /* LaunchScreen.storyboard in Resources */,
				9B648D8628CB29820086EB96 /* GoogleService-Info.plist in Resources */,
				9B648D7528CB27EE0086EB96 /* Assets.xcassets in Resources */,
				9B648D7328CB27E80086EB96 /* Main.storyboard in Resources */,
			);
			runOnlyForDeploymentPostprocessing = 0;
		};
/* End PBXResourcesBuildPhase section */

/* Begin PBXShellScriptBuildPhase section */
		EB9931DAD981FC23954C296C /* [CP] Embed Pods Frameworks */ = {
			isa = PBXShellScriptBuildPhase;
			buildActionMask = 2147483647;
			files = (
			);
			inputFileListPaths = (
				"${PODS_ROOT}/Target Support Files/Pods-Firebase_Tutorial/Pods-Firebase_Tutorial-frameworks-${CONFIGURATION}-input-files.xcfilelist",
			);
			name = "[CP] Embed Pods Frameworks";
			outputFileListPaths = (
				"${PODS_ROOT}/Target Support Files/Pods-Firebase_Tutorial/Pods-Firebase_Tutorial-frameworks-${CONFIGURATION}-output-files.xcfilelist",
			);
			runOnlyForDeploymentPostprocessing = 0;
			shellPath = /bin/sh;
			shellScript = "\"${PODS_ROOT}/Target Support Files/Pods-Firebase_Tutorial/Pods-Firebase_Tutorial-frameworks.sh\"\n";
			showEnvVarsInLog = 0;
		};
		F6709490457C00BDD53C4579 /* [CP] Check Pods Manifest.lock */ = {
			isa = PBXShellScriptBuildPhase;
			buildActionMask = 2147483647;
			files = (
			);
			inputFileListPaths = (
			);
			inputPaths = (
				"${PODS_PODFILE_DIR_PATH}/Podfile.lock",
				"${PODS_ROOT}/Manifest.lock",
			);
			name = "[CP] Check Pods Manifest.lock";
			outputFileListPaths = (
			);
			outputPaths = (
				"$(DERIVED_FILE_DIR)/Pods-Firebase_Tutorial-checkManifestLockResult.txt",
			);
			runOnlyForDeploymentPostprocessing = 0;
			shellPath = /bin/sh;
			shellScript = "diff \"${PODS_PODFILE_DIR_PATH}/Podfile.lock\" \"${PODS_ROOT}/Manifest.lock\" > /dev/null\nif [ $? != 0 ] ; then\n    # print error to STDERR\n    echo \"error: The sandbox is not in sync with the Podfile.lock. Run 'pod install' or update your CocoaPods installation.\" >&2\n    exit 1\nfi\n# This output is used by Xcode 'outputs' to avoid re-running this script phase.\necho \"SUCCESS\" > \"${SCRIPT_OUTPUT_FILE_0}\"\n";
			showEnvVarsInLog = 0;
		};
/* End PBXShellScriptBuildPhase section */

/* Begin PBXSourcesBuildPhase section */
		9B648D6428CB27E80086EB96 /* Sources */ = {
			isa = PBXSourcesBuildPhase;
			buildActionMask = 2147483647;
			files = (
				9B648D8228CB284B0086EB96 /* EnterEmailVC.swift in Sources */,
				9B648D8428CB28860086EB96 /* MainVC.swift in Sources */,
				9B648D8028CB282B0086EB96 /* LoginViewController.swift in Sources */,
				9B648D6C28CB27E80086EB96 /* AppDelegate.swift in Sources */,
				9B648D6E28CB27E80086EB96 /* SceneDelegate.swift in Sources */,
			);
			runOnlyForDeploymentPostprocessing = 0;
		};
/* End PBXSourcesBuildPhase section */

/* Begin PBXVariantGroup section */
		9B648D7128CB27E80086EB96 /* Main.storyboard */ = {
			isa = PBXVariantGroup;
			children = (
				9B648D7228CB27E80086EB96 /* Base */,
			);
			name = Main.storyboard;
			sourceTree = "<group>";
		};
		9B648D7628CB27EE0086EB96 /* LaunchScreen.storyboard */ = {
			isa = PBXVariantGroup;
			children = (
				9B648D7728CB27EE0086EB96 /* Base */,
			);
			name = LaunchScreen.storyboard;
			sourceTree = "<group>";
		};
/* End PBXVariantGroup section */

/* Begin XCBuildConfiguration section */
		9B648D7A28CB27EE0086EB96 /* Debug */ = {
			isa = XCBuildConfiguration;
			buildSettings = {
				ALWAYS_SEARCH_USER_PATHS = NO;
				CLANG_ANALYZER_NONNULL = YES;
				CLANG_ANALYZER_NUMBER_OBJECT_CONVERSION = YES_AGGRESSIVE;
				CLANG_CXX_LANGUAGE_STANDARD = "gnu++17";
				CLANG_ENABLE_MODULES = YES;
				CLANG_ENABLE_OBJC_ARC = YES;
				CLANG_ENABLE_OBJC_WEAK = YES;
				CLANG_WARN_BLOCK_CAPTURE_AUTORELEASING = YES;
				CLANG_WARN_BOOL_CONVERSION = YES;
				CLANG_WARN_COMMA = YES;
				CLANG_WARN_CONSTANT_CONVERSION = YES;
				CLANG_WARN_DEPRECATED_OBJC_IMPLEMENTATIONS = YES;
				CLANG_WARN_DIRECT_OBJC_ISA_USAGE = YES_ERROR;
				CLANG_WARN_DOCUMENTATION_COMMENTS = YES;
				CLANG_WARN_EMPTY_BODY = YES;
				CLANG_WARN_ENUM_CONVERSION = YES;
				CLANG_WARN_INFINITE_RECURSION = YES;
				CLANG_WARN_INT_CONVERSION = YES;
				CLANG_WARN_NON_LITERAL_NULL_CONVERSION = YES;
				CLANG_WARN_OBJC_IMPLICIT_RETAIN_SELF = YES;
				CLANG_WARN_OBJC_LITERAL_CONVERSION = YES;
				CLANG_WARN_OBJC_ROOT_CLASS = YES_ERROR;
				CLANG_WARN_QUOTED_INCLUDE_IN_FRAMEWORK_HEADER = YES;
				CLANG_WARN_RANGE_LOOP_ANALYSIS = YES;
				CLANG_WARN_STRICT_PROTOTYPES = YES;
				CLANG_WARN_SUSPICIOUS_MOVE = YES;
				CLANG_WARN_UNGUARDED_AVAILABILITY = YES_AGGRESSIVE;
				CLANG_WARN_UNREACHABLE_CODE = YES;
				CLANG_WARN__DUPLICATE_METHOD_MATCH = YES;
				COPY_PHASE_STRIP = NO;
				DEBUG_INFORMATION_FORMAT = dwarf;
				ENABLE_STRICT_OBJC_MSGSEND = YES;
				ENABLE_TESTABILITY = YES;
				GCC_C_LANGUAGE_STANDARD = gnu11;
				GCC_DYNAMIC_NO_PIC = NO;
				GCC_NO_COMMON_BLOCKS = YES;
				GCC_OPTIMIZATION_LEVEL = 0;
				GCC_PREPROCESSOR_DEFINITIONS = (
					"DEBUG=1",
					"$(inherited)",
				);
				GCC_WARN_64_TO_32_BIT_CONVERSION = YES;
				GCC_WARN_ABOUT_RETURN_TYPE = YES_ERROR;
				GCC_WARN_UNDECLARED_SELECTOR = YES;
				GCC_WARN_UNINITIALIZED_AUTOS = YES_AGGRESSIVE;
				GCC_WARN_UNUSED_FUNCTION = YES;
				GCC_WARN_UNUSED_VARIABLE = YES;
				IPHONEOS_DEPLOYMENT_TARGET = 15.5;
				MTL_ENABLE_DEBUG_INFO = INCLUDE_SOURCE;
				MTL_FAST_MATH = YES;
				ONLY_ACTIVE_ARCH = YES;
				SDKROOT = iphoneos;
				SWIFT_ACTIVE_COMPILATION_CONDITIONS = DEBUG;
				SWIFT_OPTIMIZATION_LEVEL = "-Onone";
			};
			name = Debug;
		};
		9B648D7B28CB27EE0086EB96 /* Release */ = {
			isa = XCBuildConfiguration;
			buildSettings = {
				ALWAYS_SEARCH_USER_PATHS = NO;
				CLANG_ANALYZER_NONNULL = YES;
				CLANG_ANALYZER_NUMBER_OBJECT_CONVERSION = YES_AGGRESSIVE;
				CLANG_CXX_LANGUAGE_STANDARD = "gnu++17";
				CLANG_ENABLE_MODULES = YES;
				CLANG_ENABLE_OBJC_ARC = YES;
				CLANG_ENABLE_OBJC_WEAK = YES;
				CLANG_WARN_BLOCK_CAPTURE_AUTORELEASING = YES;
				CLANG_WARN_BOOL_CONVERSION = YES;
				CLANG_WARN_COMMA = YES;
				CLANG_WARN_CONSTANT_CONVERSION = YES;
				CLANG_WARN_DEPRECATED_OBJC_IMPLEMENTATIONS = YES;
				CLANG_WARN_DIRECT_OBJC_ISA_USAGE = YES_ERROR;
				CLANG_WARN_DOCUMENTATION_COMMENTS = YES;
				CLANG_WARN_EMPTY_BODY = YES;
				CLANG_WARN_ENUM_CONVERSION = YES;
				CLANG_WARN_INFINITE_RECURSION = YES;
				CLANG_WARN_INT_CONVERSION = YES;
				CLANG_WARN_NON_LITERAL_NULL_CONVERSION = YES;
				CLANG_WARN_OBJC_IMPLICIT_RETAIN_SELF = YES;
				CLANG_WARN_OBJC_LITERAL_CONVERSION = YES;
				CLANG_WARN_OBJC_ROOT_CLASS = YES_ERROR;
				CLANG_WARN_QUOTED_INCLUDE_IN_FRAMEWORK_HEADER = YES;
				CLANG_WARN_RANGE_LOOP_ANALYSIS = YES;
				CLANG_WARN_STRICT_PROTOTYPES = YES;
				CLANG_WARN_SUSPICIOUS_MOVE = YES;
				CLANG_WARN_UNGUARDED_AVAILABILITY = YES_AGGRESSIVE;
				CLANG_WARN_UNREACHABLE_CODE = YES;
				CLANG_WARN__DUPLICATE_METHOD_MATCH = YES;
				COPY_PHASE_STRIP = NO;
				DEBUG_INFORMATION_FORMAT = "dwarf-with-dsym";
				ENABLE_NS_ASSERTIONS = NO;
				ENABLE_STRICT_OBJC_MSGSEND = YES;
				GCC_C_LANGUAGE_STANDARD = gnu11;
				GCC_NO_COMMON_BLOCKS = YES;
				GCC_WARN_64_TO_32_BIT_CONVERSION = YES;
				GCC_WARN_ABOUT_RETURN_TYPE = YES_ERROR;
				GCC_WARN_UNDECLARED_SELECTOR = YES;
				GCC_WARN_UNINITIALIZED_AUTOS = YES_AGGRESSIVE;
				GCC_WARN_UNUSED_FUNCTION = YES;
				GCC_WARN_UNUSED_VARIABLE = YES;
				IPHONEOS_DEPLOYMENT_TARGET = 15.5;
				MTL_ENABLE_DEBUG_INFO = NO;
				MTL_FAST_MATH = YES;
				SDKROOT = iphoneos;
				SWIFT_COMPILATION_MODE = wholemodule;
				SWIFT_OPTIMIZATION_LEVEL = "-O";
				VALIDATE_PRODUCT = YES;
			};
			name = Release;
		};
		9B648D7D28CB27EE0086EB96 /* Debug */ = {
			isa = XCBuildConfiguration;
			baseConfigurationReference = A7591F1A6C5F00484A08EA06 /* Pods-Firebase_Tutorial.debug.xcconfig */;
			buildSettings = {
				ASSETCATALOG_COMPILER_APPICON_NAME = AppIcon;
				ASSETCATALOG_COMPILER_GLOBAL_ACCENT_COLOR_NAME = AccentColor;
				CODE_SIGN_STYLE = Automatic;
				CURRENT_PROJECT_VERSION = 1;
				DEVELOPMENT_TEAM = 9LAFQ24GSN;
				GENERATE_INFOPLIST_FILE = YES;
				INFOPLIST_FILE = Firebase_Tutorial/Info.plist;
				INFOPLIST_KEY_UIApplicationSupportsIndirectInputEvents = YES;
				INFOPLIST_KEY_UILaunchStoryboardName = LaunchScreen;
				INFOPLIST_KEY_UIMainStoryboardFile = Main;
				INFOPLIST_KEY_UISupportedInterfaceOrientations_iPad = "UIInterfaceOrientationPortrait UIInterfaceOrientationPortraitUpsideDown UIInterfaceOrientationLandscapeLeft UIInterfaceOrientationLandscapeRight";
				INFOPLIST_KEY_UISupportedInterfaceOrientations_iPhone = "UIInterfaceOrientationPortrait UIInterfaceOrientationLandscapeLeft UIInterfaceOrientationLandscapeRight";
				LD_RUNPATH_SEARCH_PATHS = (
					"$(inherited)",
					"@executable_path/Frameworks",
				);
				MARKETING_VERSION = 1.0;
				PRODUCT_BUNDLE_IDENTIFIER = "Jason.Firebase-Tutorial";
				PRODUCT_NAME = "$(TARGET_NAME)";
				SWIFT_EMIT_LOC_STRINGS = YES;
				SWIFT_VERSION = 5.0;
				TARGETED_DEVICE_FAMILY = "1,2";
			};
			name = Debug;
		};
		9B648D7E28CB27EE0086EB96 /* Release */ = {
			isa = XCBuildConfiguration;
			baseConfigurationReference = DF4BC68182C601579AE9B3F4 /* Pods-Firebase_Tutorial.release.xcconfig */;
			buildSettings = {
				ASSETCATALOG_COMPILER_APPICON_NAME = AppIcon;
				ASSETCATALOG_COMPILER_GLOBAL_ACCENT_COLOR_NAME = AccentColor;
				CODE_SIGN_STYLE = Automatic;
				CURRENT_PROJECT_VERSION = 1;
				DEVELOPMENT_TEAM = 9LAFQ24GSN;
				GENERATE_INFOPLIST_FILE = YES;
				INFOPLIST_FILE = Firebase_Tutorial/Info.plist;
				INFOPLIST_KEY_UIApplicationSupportsIndirectInputEvents = YES;
				INFOPLIST_KEY_UILaunchStoryboardName = LaunchScreen;
				INFOPLIST_KEY_UIMainStoryboardFile = Main;
				INFOPLIST_KEY_UISupportedInterfaceOrientations_iPad = "UIInterfaceOrientationPortrait UIInterfaceOrientationPortraitUpsideDown UIInterfaceOrientationLandscapeLeft UIInterfaceOrientationLandscapeRight";
				INFOPLIST_KEY_UISupportedInterfaceOrientations_iPhone = "UIInterfaceOrientationPortrait UIInterfaceOrientationLandscapeLeft UIInterfaceOrientationLandscapeRight";
				LD_RUNPATH_SEARCH_PATHS = (
					"$(inherited)",
					"@executable_path/Frameworks",
				);
				MARKETING_VERSION = 1.0;
				PRODUCT_BUNDLE_IDENTIFIER = "Jason.Firebase-Tutorial";
				PRODUCT_NAME = "$(TARGET_NAME)";
				SWIFT_EMIT_LOC_STRINGS = YES;
				SWIFT_VERSION = 5.0;
				TARGETED_DEVICE_FAMILY = "1,2";
			};
			name = Release;
		};
/* End XCBuildConfiguration section */

/* Begin XCConfigurationList section */
		9B648D6328CB27E80086EB96 /* Build configuration list for PBXProject "Firebase_Tutorial" */ = {
			isa = XCConfigurationList;
			buildConfigurations = (
				9B648D7A28CB27EE0086EB96 /* Debug */,
				9B648D7B28CB27EE0086EB96 /* Release */,
			);
			defaultConfigurationIsVisible = 0;
			defaultConfigurationName = Release;
		};
		9B648D7C28CB27EE0086EB96 /* Build configuration list for PBXNativeTarget "Firebase_Tutorial" */ = {
			isa = XCConfigurationList;
			buildConfigurations = (
				9B648D7D28CB27EE0086EB96 /* Debug */,
				9B648D7E28CB27EE0086EB96 /* Release */,
			);
			defaultConfigurationIsVisible = 0;
			defaultConfigurationName = Release;
		};
/* End XCConfigurationList section */
	};
	rootObject = 9B648D6028CB27E80086EB96 /* Project object */;
}
