// !$*UTF8*$!
{
	archiveVersion = 1;
	classes = {
	};
	objectVersion = 55;
	objects = {

/* Begin PBXBuildFile section */
		9B224F9428D865EF000A9321 /* README.md in Resources */ = {isa = PBXBuildFile; fileRef = 9B224F9328D865EF000A9321 /* README.md */; };
		9B51310828DEDD290071FE51 /* RoomInfo.swift in Sources */ = {isa = PBXBuildFile; fileRef = 9B51310728DEDD290071FE51 /* RoomInfo.swift */; };
		9B51310A28DEDFAC0071FE51 /* Color.swift in Sources */ = {isa = PBXBuildFile; fileRef = 9B51310928DEDFAC0071FE51 /* Color.swift */; };
		9B51310C28DEF0910071FE51 /* SettingViewController.swift in Sources */ = {isa = PBXBuildFile; fileRef = 9B51310B28DEF0910071FE51 /* SettingViewController.swift */; };
		9B6A2D8428DDE62B005AC257 /* MainViewController.swift in Sources */ = {isa = PBXBuildFile; fileRef = 9B6A2D8328DDE62B005AC257 /* MainViewController.swift */; };
		9B784B9828D861B20087040D /* AppDelegate.swift in Sources */ = {isa = PBXBuildFile; fileRef = 9B784B9728D861B20087040D /* AppDelegate.swift */; };
		9B784B9A28D861B20087040D /* SceneDelegate.swift in Sources */ = {isa = PBXBuildFile; fileRef = 9B784B9928D861B20087040D /* SceneDelegate.swift */; };
		9B784B9C28D861B20087040D /* ViewController.swift in Sources */ = {isa = PBXBuildFile; fileRef = 9B784B9B28D861B20087040D /* ViewController.swift */; };
		9B784B9F28D861B20087040D /* Main.storyboard in Resources */ = {isa = PBXBuildFile; fileRef = 9B784B9D28D861B20087040D /* Main.storyboard */; };
		9B784BA128D861B70087040D /* Assets.xcassets in Resources */ = {isa = PBXBuildFile; fileRef = 9B784BA028D861B70087040D /* Assets.xcassets */; };
		9B784BA428D861B70087040D /* LaunchScreen.storyboard in Resources */ = {isa = PBXBuildFile; fileRef = 9B784BA228D861B70087040D /* LaunchScreen.storyboard */; };
		9B8B43C728DFE71C001BDD6C /* Reserve_api.swift in Sources */ = {isa = PBXBuildFile; fileRef = 9B8B43C628DFE71C001BDD6C /* Reserve_api.swift */; };
		9B8B43C928DFE733001BDD6C /* Reserve_stc.swift in Sources */ = {isa = PBXBuildFile; fileRef = 9B8B43C828DFE733001BDD6C /* Reserve_stc.swift */; };
		9B8B43CD28DFE838001BDD6C /* ReserveInfo.swift in Sources */ = {isa = PBXBuildFile; fileRef = 9B8B43CC28DFE838001BDD6C /* ReserveInfo.swift */; };
		9B8B43CF28DFECE5001BDD6C /* ReserveDetail.swift in Sources */ = {isa = PBXBuildFile; fileRef = 9B8B43CE28DFECE5001BDD6C /* ReserveDetail.swift */; };
		9BD3492428D88430000B4A5C /* GoogleService-Info.plist in Resources */ = {isa = PBXBuildFile; fileRef = 9BD3492328D88430000B4A5C /* GoogleService-Info.plist */; };
		B9A780937BE41D610EF5514A /* Pods_Warning.framework in Frameworks */ = {isa = PBXBuildFile; fileRef = 25D79D28EBE4AE124C570841 /* Pods_Warning.framework */; };
/* End PBXBuildFile section */

/* Begin PBXFileReference section */
		25D79D28EBE4AE124C570841 /* Pods_Warning.framework */ = {isa = PBXFileReference; explicitFileType = wrapper.framework; includeInIndex = 0; path = Pods_Warning.framework; sourceTree = BUILT_PRODUCTS_DIR; };
		486BDBBC505A96BC149CCEFC /* Pods-Warning.release.xcconfig */ = {isa = PBXFileReference; includeInIndex = 1; lastKnownFileType = text.xcconfig; name = "Pods-Warning.release.xcconfig"; path = "Target Support Files/Pods-Warning/Pods-Warning.release.xcconfig"; sourceTree = "<group>"; };
		65357AAE30368B4517B947D8 /* Pods-Warning.debug.xcconfig */ = {isa = PBXFileReference; includeInIndex = 1; lastKnownFileType = text.xcconfig; name = "Pods-Warning.debug.xcconfig"; path = "Target Support Files/Pods-Warning/Pods-Warning.debug.xcconfig"; sourceTree = "<group>"; };
		9B224F9228D865DE000A9321 /* Warning.entitlements */ = {isa = PBXFileReference; lastKnownFileType = text.plist.entitlements; path = Warning.entitlements; sourceTree = "<group>"; };
		9B224F9328D865EF000A9321 /* README.md */ = {isa = PBXFileReference; lastKnownFileType = net.daringfireball.markdown; path = README.md; sourceTree = "<group>"; };
		9B51310728DEDD290071FE51 /* RoomInfo.swift */ = {isa = PBXFileReference; lastKnownFileType = sourcecode.swift; path = RoomInfo.swift; sourceTree = "<group>"; };
		9B51310928DEDFAC0071FE51 /* Color.swift */ = {isa = PBXFileReference; lastKnownFileType = sourcecode.swift; path = Color.swift; sourceTree = "<group>"; };
		9B51310B28DEF0910071FE51 /* SettingViewController.swift */ = {isa = PBXFileReference; lastKnownFileType = sourcecode.swift; path = SettingViewController.swift; sourceTree = "<group>"; };
		9B6A2D8328DDE62B005AC257 /* MainViewController.swift */ = {isa = PBXFileReference; lastKnownFileType = sourcecode.swift; path = MainViewController.swift; sourceTree = "<group>"; };
		9B784B9428D861B20087040D /* Warning.app */ = {isa = PBXFileReference; explicitFileType = wrapper.application; includeInIndex = 0; path = Warning.app; sourceTree = BUILT_PRODUCTS_DIR; };
		9B784B9728D861B20087040D /* AppDelegate.swift */ = {isa = PBXFileReference; lastKnownFileType = sourcecode.swift; path = AppDelegate.swift; sourceTree = "<group>"; };
		9B784B9928D861B20087040D /* SceneDelegate.swift */ = {isa = PBXFileReference; lastKnownFileType = sourcecode.swift; path = SceneDelegate.swift; sourceTree = "<group>"; };
		9B784B9B28D861B20087040D /* ViewController.swift */ = {isa = PBXFileReference; lastKnownFileType = sourcecode.swift; path = ViewController.swift; sourceTree = "<group>"; };
		9B784B9E28D861B20087040D /* Base */ = {isa = PBXFileReference; lastKnownFileType = file.storyboard; name = Base; path = Base.lproj/Main.storyboard; sourceTree = "<group>"; };
		9B784BA028D861B70087040D /* Assets.xcassets */ = {isa = PBXFileReference; lastKnownFileType = folder.assetcatalog; path = Assets.xcassets; sourceTree = "<group>"; };
		9B784BA328D861B70087040D /* Base */ = {isa = PBXFileReference; lastKnownFileType = file.storyboard; name = Base; path = Base.lproj/LaunchScreen.storyboard; sourceTree = "<group>"; };
		9B784BA528D861B70087040D /* Info.plist */ = {isa = PBXFileReference; lastKnownFileType = text.plist.xml; path = Info.plist; sourceTree = "<group>"; };
		9B8B43C628DFE71C001BDD6C /* Reserve_api.swift */ = {isa = PBXFileReference; lastKnownFileType = sourcecode.swift; path = Reserve_api.swift; sourceTree = "<group>"; };
		9B8B43C828DFE733001BDD6C /* Reserve_stc.swift */ = {isa = PBXFileReference; lastKnownFileType = sourcecode.swift; path = Reserve_stc.swift; sourceTree = "<group>"; };
		9B8B43CC28DFE838001BDD6C /* ReserveInfo.swift */ = {isa = PBXFileReference; lastKnownFileType = sourcecode.swift; path = ReserveInfo.swift; sourceTree = "<group>"; };
		9B8B43CE28DFECE5001BDD6C /* ReserveDetail.swift */ = {isa = PBXFileReference; lastKnownFileType = sourcecode.swift; path = ReserveDetail.swift; sourceTree = "<group>"; };
		9BD3492328D88430000B4A5C /* GoogleService-Info.plist */ = {isa = PBXFileReference; fileEncoding = 4; lastKnownFileType = text.plist.xml; path = "GoogleService-Info.plist"; sourceTree = "<group>"; };
/* End PBXFileReference section */

/* Begin PBXFrameworksBuildPhase section */
		9B784B9128D861B20087040D /* Frameworks */ = {
			isa = PBXFrameworksBuildPhase;
			buildActionMask = 2147483647;
			files = (
				B9A780937BE41D610EF5514A /* Pods_Warning.framework in Frameworks */,
			);
			runOnlyForDeploymentPostprocessing = 0;
		};
/* End PBXFrameworksBuildPhase section */

/* Begin PBXGroup section */
		3149C74875AA282C48EC50D9 /* Pods */ = {
			isa = PBXGroup;
			children = (
				65357AAE30368B4517B947D8 /* Pods-Warning.debug.xcconfig */,
				486BDBBC505A96BC149CCEFC /* Pods-Warning.release.xcconfig */,
			);
			path = Pods;
			sourceTree = "<group>";
		};
		9B51310628DEDCEB0071FE51 /* Configuration */ = {
			isa = PBXGroup;
			children = (
				9B51310728DEDD290071FE51 /* RoomInfo.swift */,
				9B51310928DEDFAC0071FE51 /* Color.swift */,
				9B8B43CC28DFE838001BDD6C /* ReserveInfo.swift */,
			);
			path = Configuration;
			sourceTree = "<group>";
		};
		9B784B8B28D861B20087040D = {
			isa = PBXGroup;
			children = (
				9B224F9328D865EF000A9321 /* README.md */,
				9B784B9628D861B20087040D /* Warning */,
				9B784B9528D861B20087040D /* Products */,
				3149C74875AA282C48EC50D9 /* Pods */,
				9E52AEC0D8BD542DB2BA67ED /* Frameworks */,
			);
			sourceTree = "<group>";
		};
		9B784B9528D861B20087040D /* Products */ = {
			isa = PBXGroup;
			children = (
				9B784B9428D861B20087040D /* Warning.app */,
			);
			name = Products;
			sourceTree = "<group>";
		};
		9B784B9628D861B20087040D /* Warning */ = {
			isa = PBXGroup;
			children = (
				9B8B43C528DFE6FE001BDD6C /* Network */,
				9B51310628DEDCEB0071FE51 /* Configuration */,
				9B224F9228D865DE000A9321 /* Warning.entitlements */,
				9B784B9728D861B20087040D /* AppDelegate.swift */,
				9B784B9928D861B20087040D /* SceneDelegate.swift */,
				9BD3492328D88430000B4A5C /* GoogleService-Info.plist */,
				9B784B9B28D861B20087040D /* ViewController.swift */,
				9B784B9D28D861B20087040D /* Main.storyboard */,
				9B8B43CE28DFECE5001BDD6C /* ReserveDetail.swift */,
				9B51310B28DEF0910071FE51 /* SettingViewController.swift */,
				9B6A2D8328DDE62B005AC257 /* MainViewController.swift */,
				9B784BA028D861B70087040D /* Assets.xcassets */,
				9B784BA228D861B70087040D /* LaunchScreen.storyboard */,
				9B784BA528D861B70087040D /* Info.plist */,
			);
			path = Warning;
			sourceTree = "<group>";
		};
		9B8B43C528DFE6FE001BDD6C /* Network */ = {
			isa = PBXGroup;
			children = (
				9B8B43C628DFE71C001BDD6C /* Reserve_api.swift */,
				9B8B43C828DFE733001BDD6C /* Reserve_stc.swift */,
			);
			path = Network;
			sourceTree = "<group>";
		};
		9E52AEC0D8BD542DB2BA67ED /* Frameworks */ = {
			isa = PBXGroup;
			children = (
				25D79D28EBE4AE124C570841 /* Pods_Warning.framework */,
			);
			name = Frameworks;
			sourceTree = "<group>";
		};
/* End PBXGroup section */

/* Begin PBXNativeTarget section */
		9B784B9328D861B20087040D /* Warning */ = {
			isa = PBXNativeTarget;
			buildConfigurationList = 9B784BA828D861B70087040D /* Build configuration list for PBXNativeTarget "Warning" */;
			buildPhases = (
				043B60A3BB71C1048109A489 /* [CP] Check Pods Manifest.lock */,
				9B784B9028D861B20087040D /* Sources */,
				9B784B9128D861B20087040D /* Frameworks */,
				9B784B9228D861B20087040D /* Resources */,
				78C051AC817948C40678D9EB /* [CP] Embed Pods Frameworks */,
			);
			buildRules = (
			);
			dependencies = (
			);
			name = Warning;
			productName = Warning;
			productReference = 9B784B9428D861B20087040D /* Warning.app */;
			productType = "com.apple.product-type.application";
		};
/* End PBXNativeTarget section */

/* Begin PBXProject section */
		9B784B8C28D861B20087040D /* Project object */ = {
			isa = PBXProject;
			attributes = {
				BuildIndependentTargetsInParallel = 1;
				LastSwiftUpdateCheck = 1400;
				LastUpgradeCheck = 1400;
				TargetAttributes = {
					9B784B9328D861B20087040D = {
						CreatedOnToolsVersion = 14.0;
					};
				};
			};
			buildConfigurationList = 9B784B8F28D861B20087040D /* Build configuration list for PBXProject "Warning" */;
			compatibilityVersion = "Xcode 13.0";
			developmentRegion = en;
			hasScannedForEncodings = 0;
			knownRegions = (
				en,
				Base,
			);
			mainGroup = 9B784B8B28D861B20087040D;
			productRefGroup = 9B784B9528D861B20087040D /* Products */;
			projectDirPath = "";
			projectRoot = "";
			targets = (
				9B784B9328D861B20087040D /* Warning */,
			);
		};
/* End PBXProject section */

/* Begin PBXResourcesBuildPhase section */
		9B784B9228D861B20087040D /* Resources */ = {
			isa = PBXResourcesBuildPhase;
			buildActionMask = 2147483647;
			files = (
				9B784BA428D861B70087040D /* LaunchScreen.storyboard in Resources */,
				9B224F9428D865EF000A9321 /* README.md in Resources */,
				9BD3492428D88430000B4A5C /* GoogleService-Info.plist in Resources */,
				9B784BA128D861B70087040D /* Assets.xcassets in Resources */,
				9B784B9F28D861B20087040D /* Main.storyboard in Resources */,
			);
			runOnlyForDeploymentPostprocessing = 0;
		};
/* End PBXResourcesBuildPhase section */

/* Begin PBXShellScriptBuildPhase section */
		043B60A3BB71C1048109A489 /* [CP] Check Pods Manifest.lock */ = {
			isa = PBXShellScriptBuildPhase;
			buildActionMask = 2147483647;
			files = (
			);
			inputFileListPaths = (
			);
			inputPaths = (
				"${PODS_PODFILE_DIR_PATH}/Podfile.lock",
				"${PODS_ROOT}/Manifest.lock",
			);
			name = "[CP] Check Pods Manifest.lock";
			outputFileListPaths = (
			);
			outputPaths = (
				"$(DERIVED_FILE_DIR)/Pods-Warning-checkManifestLockResult.txt",
			);
			runOnlyForDeploymentPostprocessing = 0;
			shellPath = /bin/sh;
			shellScript = "diff \"${PODS_PODFILE_DIR_PATH}/Podfile.lock\" \"${PODS_ROOT}/Manifest.lock\" > /dev/null\nif [ $? != 0 ] ; then\n    # print error to STDERR\n    echo \"error: The sandbox is not in sync with the Podfile.lock. Run 'pod install' or update your CocoaPods installation.\" >&2\n    exit 1\nfi\n# This output is used by Xcode 'outputs' to avoid re-running this script phase.\necho \"SUCCESS\" > \"${SCRIPT_OUTPUT_FILE_0}\"\n";
			showEnvVarsInLog = 0;
		};
		78C051AC817948C40678D9EB /* [CP] Embed Pods Frameworks */ = {
			isa = PBXShellScriptBuildPhase;
			buildActionMask = 2147483647;
			files = (
			);
			inputFileListPaths = (
				"${PODS_ROOT}/Target Support Files/Pods-Warning/Pods-Warning-frameworks-${CONFIGURATION}-input-files.xcfilelist",
			);
			name = "[CP] Embed Pods Frameworks";
			outputFileListPaths = (
				"${PODS_ROOT}/Target Support Files/Pods-Warning/Pods-Warning-frameworks-${CONFIGURATION}-output-files.xcfilelist",
			);
			runOnlyForDeploymentPostprocessing = 0;
			shellPath = /bin/sh;
			shellScript = "\"${PODS_ROOT}/Target Support Files/Pods-Warning/Pods-Warning-frameworks.sh\"\n";
			showEnvVarsInLog = 0;
		};
/* End PBXShellScriptBuildPhase section */

/* Begin PBXSourcesBuildPhase section */
		9B784B9028D861B20087040D /* Sources */ = {
			isa = PBXSourcesBuildPhase;
			buildActionMask = 2147483647;
			files = (
				9B8B43C928DFE733001BDD6C /* Reserve_stc.swift in Sources */,
				9B784B9C28D861B20087040D /* ViewController.swift in Sources */,
				9B784B9828D861B20087040D /* AppDelegate.swift in Sources */,
				9B8B43CF28DFECE5001BDD6C /* ReserveDetail.swift in Sources */,
				9B784B9A28D861B20087040D /* SceneDelegate.swift in Sources */,
				9B8B43CD28DFE838001BDD6C /* ReserveInfo.swift in Sources */,
				9B51310828DEDD290071FE51 /* RoomInfo.swift in Sources */,
				9B8B43C728DFE71C001BDD6C /* Reserve_api.swift in Sources */,
				9B51310A28DEDFAC0071FE51 /* Color.swift in Sources */,
				9B51310C28DEF0910071FE51 /* SettingViewController.swift in Sources */,
				9B6A2D8428DDE62B005AC257 /* MainViewController.swift in Sources */,
			);
			runOnlyForDeploymentPostprocessing = 0;
		};
/* End PBXSourcesBuildPhase section */

/* Begin PBXVariantGroup section */
		9B784B9D28D861B20087040D /* Main.storyboard */ = {
			isa = PBXVariantGroup;
			children = (
				9B784B9E28D861B20087040D /* Base */,
			);
			name = Main.storyboard;
			sourceTree = "<group>";
		};
		9B784BA228D861B70087040D /* LaunchScreen.storyboard */ = {
			isa = PBXVariantGroup;
			children = (
				9B784BA328D861B70087040D /* Base */,
			);
			name = LaunchScreen.storyboard;
			sourceTree = "<group>";
		};
/* End PBXVariantGroup section */

/* Begin XCBuildConfiguration section */
		9B784BA628D861B70087040D /* Debug */ = {
			isa = XCBuildConfiguration;
			buildSettings = {
				ALWAYS_SEARCH_USER_PATHS = NO;
				CLANG_ANALYZER_NONNULL = YES;
				CLANG_ANALYZER_NUMBER_OBJECT_CONVERSION = YES_AGGRESSIVE;
				CLANG_CXX_LANGUAGE_STANDARD = "gnu++20";
				CLANG_ENABLE_MODULES = YES;
				CLANG_ENABLE_OBJC_ARC = YES;
				CLANG_ENABLE_OBJC_WEAK = YES;
				CLANG_WARN_BLOCK_CAPTURE_AUTORELEASING = YES;
				CLANG_WARN_BOOL_CONVERSION = YES;
				CLANG_WARN_COMMA = YES;
				CLANG_WARN_CONSTANT_CONVERSION = YES;
				CLANG_WARN_DEPRECATED_OBJC_IMPLEMENTATIONS = YES;
				CLANG_WARN_DIRECT_OBJC_ISA_USAGE = YES_ERROR;
				CLANG_WARN_DOCUMENTATION_COMMENTS = YES;
				CLANG_WARN_EMPTY_BODY = YES;
				CLANG_WARN_ENUM_CONVERSION = YES;
				CLANG_WARN_INFINITE_RECURSION = YES;
				CLANG_WARN_INT_CONVERSION = YES;
				CLANG_WARN_NON_LITERAL_NULL_CONVERSION = YES;
				CLANG_WARN_OBJC_IMPLICIT_RETAIN_SELF = YES;
				CLANG_WARN_OBJC_LITERAL_CONVERSION = YES;
				CLANG_WARN_OBJC_ROOT_CLASS = YES_ERROR;
				CLANG_WARN_QUOTED_INCLUDE_IN_FRAMEWORK_HEADER = YES;
				CLANG_WARN_RANGE_LOOP_ANALYSIS = YES;
				CLANG_WARN_STRICT_PROTOTYPES = YES;
				CLANG_WARN_SUSPICIOUS_MOVE = YES;
				CLANG_WARN_UNGUARDED_AVAILABILITY = YES_AGGRESSIVE;
				CLANG_WARN_UNREACHABLE_CODE = YES;
				CLANG_WARN__DUPLICATE_METHOD_MATCH = YES;
				COPY_PHASE_STRIP = NO;
				DEBUG_INFORMATION_FORMAT = dwarf;
				ENABLE_STRICT_OBJC_MSGSEND = YES;
				ENABLE_TESTABILITY = YES;
				GCC_C_LANGUAGE_STANDARD = gnu11;
				GCC_DYNAMIC_NO_PIC = NO;
				GCC_NO_COMMON_BLOCKS = YES;
				GCC_OPTIMIZATION_LEVEL = 0;
				GCC_PREPROCESSOR_DEFINITIONS = (
					"DEBUG=1",
					"$(inherited)",
				);
				GCC_WARN_64_TO_32_BIT_CONVERSION = YES;
				GCC_WARN_ABOUT_RETURN_TYPE = YES_ERROR;
				GCC_WARN_UNDECLARED_SELECTOR = YES;
				GCC_WARN_UNINITIALIZED_AUTOS = YES_AGGRESSIVE;
				GCC_WARN_UNUSED_FUNCTION = YES;
				GCC_WARN_UNUSED_VARIABLE = YES;
				IPHONEOS_DEPLOYMENT_TARGET = 15.0;
				MTL_ENABLE_DEBUG_INFO = INCLUDE_SOURCE;
				MTL_FAST_MATH = YES;
				ONLY_ACTIVE_ARCH = YES;
				SDKROOT = iphoneos;
				SWIFT_ACTIVE_COMPILATION_CONDITIONS = DEBUG;
				SWIFT_OPTIMIZATION_LEVEL = "-Onone";
			};
			name = Debug;
		};
		9B784BA728D861B70087040D /* Release */ = {
			isa = XCBuildConfiguration;
			buildSettings = {
				ALWAYS_SEARCH_USER_PATHS = NO;
				CLANG_ANALYZER_NONNULL = YES;
				CLANG_ANALYZER_NUMBER_OBJECT_CONVERSION = YES_AGGRESSIVE;
				CLANG_CXX_LANGUAGE_STANDARD = "gnu++20";
				CLANG_ENABLE_MODULES = YES;
				CLANG_ENABLE_OBJC_ARC = YES;
				CLANG_ENABLE_OBJC_WEAK = YES;
				CLANG_WARN_BLOCK_CAPTURE_AUTORELEASING = YES;
				CLANG_WARN_BOOL_CONVERSION = YES;
				CLANG_WARN_COMMA = YES;
				CLANG_WARN_CONSTANT_CONVERSION = YES;
				CLANG_WARN_DEPRECATED_OBJC_IMPLEMENTATIONS = YES;
				CLANG_WARN_DIRECT_OBJC_ISA_USAGE = YES_ERROR;
				CLANG_WARN_DOCUMENTATION_COMMENTS = YES;
				CLANG_WARN_EMPTY_BODY = YES;
				CLANG_WARN_ENUM_CONVERSION = YES;
				CLANG_WARN_INFINITE_RECURSION = YES;
				CLANG_WARN_INT_CONVERSION = YES;
				CLANG_WARN_NON_LITERAL_NULL_CONVERSION = YES;
				CLANG_WARN_OBJC_IMPLICIT_RETAIN_SELF = YES;
				CLANG_WARN_OBJC_LITERAL_CONVERSION = YES;
				CLANG_WARN_OBJC_ROOT_CLASS = YES_ERROR;
				CLANG_WARN_QUOTED_INCLUDE_IN_FRAMEWORK_HEADER = YES;
				CLANG_WARN_RANGE_LOOP_ANALYSIS = YES;
				CLANG_WARN_STRICT_PROTOTYPES = YES;
				CLANG_WARN_SUSPICIOUS_MOVE = YES;
				CLANG_WARN_UNGUARDED_AVAILABILITY = YES_AGGRESSIVE;
				CLANG_WARN_UNREACHABLE_CODE = YES;
				CLANG_WARN__DUPLICATE_METHOD_MATCH = YES;
				COPY_PHASE_STRIP = NO;
				DEBUG_INFORMATION_FORMAT = "dwarf-with-dsym";
				ENABLE_NS_ASSERTIONS = NO;
				ENABLE_STRICT_OBJC_MSGSEND = YES;
				GCC_C_LANGUAGE_STANDARD = gnu11;
				GCC_NO_COMMON_BLOCKS = YES;
				GCC_WARN_64_TO_32_BIT_CONVERSION = YES;
				GCC_WARN_ABOUT_RETURN_TYPE = YES_ERROR;
				GCC_WARN_UNDECLARED_SELECTOR = YES;
				GCC_WARN_UNINITIALIZED_AUTOS = YES_AGGRESSIVE;
				GCC_WARN_UNUSED_FUNCTION = YES;
				GCC_WARN_UNUSED_VARIABLE = YES;
				IPHONEOS_DEPLOYMENT_TARGET = 15.0;
				MTL_ENABLE_DEBUG_INFO = NO;
				MTL_FAST_MATH = YES;
				SDKROOT = iphoneos;
				SWIFT_COMPILATION_MODE = wholemodule;
				SWIFT_OPTIMIZATION_LEVEL = "-O";
				VALIDATE_PRODUCT = YES;
			};
			name = Release;
		};
		9B784BA928D861B70087040D /* Debug */ = {
			isa = XCBuildConfiguration;
			baseConfigurationReference = 65357AAE30368B4517B947D8 /* Pods-Warning.debug.xcconfig */;
			buildSettings = {
				ASSETCATALOG_COMPILER_APPICON_NAME = AppIcon;
				ASSETCATALOG_COMPILER_GLOBAL_ACCENT_COLOR_NAME = AccentColor;
				CODE_SIGN_ENTITLEMENTS = Warning/Warning.entitlements;
				CODE_SIGN_STYLE = Automatic;
				CURRENT_PROJECT_VERSION = 1;
				DEVELOPMENT_TEAM = 9LAFQ24GSN;
				GENERATE_INFOPLIST_FILE = YES;
				INFOPLIST_FILE = Warning/Info.plist;
				INFOPLIST_KEY_UIApplicationSupportsIndirectInputEvents = YES;
				INFOPLIST_KEY_UILaunchStoryboardName = LaunchScreen;
				INFOPLIST_KEY_UIMainStoryboardFile = Main;
				INFOPLIST_KEY_UISupportedInterfaceOrientations_iPad = "UIInterfaceOrientationPortrait UIInterfaceOrientationPortraitUpsideDown UIInterfaceOrientationLandscapeLeft UIInterfaceOrientationLandscapeRight";
				INFOPLIST_KEY_UISupportedInterfaceOrientations_iPhone = "UIInterfaceOrientationPortrait UIInterfaceOrientationLandscapeLeft UIInterfaceOrientationLandscapeRight";
				IPHONEOS_DEPLOYMENT_TARGET = 15.0;
				LD_RUNPATH_SEARCH_PATHS = (
					"$(inherited)",
					"@executable_path/Frameworks",
				);
				MARKETING_VERSION = 1.0;
				PRODUCT_BUNDLE_IDENTIFIER = Jason.Warning;
				PRODUCT_NAME = "$(TARGET_NAME)";
				SWIFT_EMIT_LOC_STRINGS = YES;
				SWIFT_VERSION = 5.0;
				TARGETED_DEVICE_FAMILY = "1,2";
			};
			name = Debug;
		};
		9B784BAA28D861B70087040D /* Release */ = {
			isa = XCBuildConfiguration;
			baseConfigurationReference = 486BDBBC505A96BC149CCEFC /* Pods-Warning.release.xcconfig */;
			buildSettings = {
				ASSETCATALOG_COMPILER_APPICON_NAME = AppIcon;
				ASSETCATALOG_COMPILER_GLOBAL_ACCENT_COLOR_NAME = AccentColor;
				CODE_SIGN_ENTITLEMENTS = Warning/Warning.entitlements;
				CODE_SIGN_STYLE = Automatic;
				CURRENT_PROJECT_VERSION = 1;
				DEVELOPMENT_TEAM = 9LAFQ24GSN;
				GENERATE_INFOPLIST_FILE = YES;
				INFOPLIST_FILE = Warning/Info.plist;
				INFOPLIST_KEY_UIApplicationSupportsIndirectInputEvents = YES;
				INFOPLIST_KEY_UILaunchStoryboardName = LaunchScreen;
				INFOPLIST_KEY_UIMainStoryboardFile = Main;
				INFOPLIST_KEY_UISupportedInterfaceOrientations_iPad = "UIInterfaceOrientationPortrait UIInterfaceOrientationPortraitUpsideDown UIInterfaceOrientationLandscapeLeft UIInterfaceOrientationLandscapeRight";
				INFOPLIST_KEY_UISupportedInterfaceOrientations_iPhone = "UIInterfaceOrientationPortrait UIInterfaceOrientationLandscapeLeft UIInterfaceOrientationLandscapeRight";
				IPHONEOS_DEPLOYMENT_TARGET = 15.0;
				LD_RUNPATH_SEARCH_PATHS = (
					"$(inherited)",
					"@executable_path/Frameworks",
				);
				MARKETING_VERSION = 1.0;
				PRODUCT_BUNDLE_IDENTIFIER = Jason.Warning;
				PRODUCT_NAME = "$(TARGET_NAME)";
				SWIFT_EMIT_LOC_STRINGS = YES;
				SWIFT_VERSION = 5.0;
				TARGETED_DEVICE_FAMILY = "1,2";
			};
			name = Release;
		};
/* End XCBuildConfiguration section */

/* Begin XCConfigurationList section */
		9B784B8F28D861B20087040D /* Build configuration list for PBXProject "Warning" */ = {
			isa = XCConfigurationList;
			buildConfigurations = (
				9B784BA628D861B70087040D /* Debug */,
				9B784BA728D861B70087040D /* Release */,
			);
			defaultConfigurationIsVisible = 0;
			defaultConfigurationName = Release;
		};
		9B784BA828D861B70087040D /* Build configuration list for PBXNativeTarget "Warning" */ = {
			isa = XCConfigurationList;
			buildConfigurations = (
				9B784BA928D861B70087040D /* Debug */,
				9B784BAA28D861B70087040D /* Release */,
			);
			defaultConfigurationIsVisible = 0;
			defaultConfigurationName = Release;
		};
/* End XCConfigurationList section */
	};
	rootObject = 9B784B8C28D861B20087040D /* Project object */;
}
